// !$*UTF8*$!
{
	archiveVersion = 1;
	classes = {
	};
	objectVersion = 46;
	objects = {

/* Begin PBXGroup section */
		3C27CBCB1CF70AC600F4A66F = {
			isa = PBXGroup;
			children = (
			);
			sourceTree = "<group>";
		};
/* End PBXGroup section */

/* Begin PBXProject section */
		3C27CBCC1CF70AC600F4A66F /* Project object */ = {
			isa = PBXProject;
			attributes = {
				LastUpgradeCheck = 0730;
			};
			buildConfigurationList = 3C27CBCF1CF70AC600F4A66F /* Build configuration list for PBXProject "MobileConnectSDK" */;
			compatibilityVersion = "Xcode 3.2";
			developmentRegion = English;
			hasScannedForEncodings = 0;
			knownRegions = (
				en,
			);
			mainGroup = 3C27CBCB1CF70AC600F4A66F;
			projectDirPath = "";
			projectRoot = "";
			targets = (
			);
		};
/* End PBXProject section */

/* Begin XCBuildConfiguration section */
		3C27CBD01CF70AC600F4A66F /* Debug */ = {
			isa = XCBuildConfiguration;
			buildSettings = {
			};
			name = Debug;
		};
		3C27CBD11CF70AC600F4A66F /* Release */ = {
			isa = XCBuildConfiguration;
			buildSettings = {
			};
			name = Release;
		};
/* End XCBuildConfiguration section */

/* Begin XCConfigurationList section */
		3C27CBCF1CF70AC600F4A66F /* Build configuration list for PBXProject "MobileConnectSDK" */ = {
			isa = XCConfigurationList;
			buildConfigurations = (
				3C27CBD01CF70AC600F4A66F /* Debug */,
				3C27CBD11CF70AC600F4A66F /* Release */,
			);
			defaultConfigurationIsVisible = 0;
			defaultConfigurationName = Release;
		};
/* End XCConfigurationList section */
	};
	rootObject = 3C27CBCC1CF70AC600F4A66F /* Project object */;
}
